{
  "requires": true,
  "lockfileVersion": 1,
  "dependencies": {
    "big-integer": {
      "version": "1.6.31",
      "resolved": "https://registry.npmjs.org/big-integer/-/big-integer-1.6.31.tgz",
      "integrity": "sha512-lDbZNHHwxDKnjP7LWg2leO+tjs4SyVs2Z83dsR1Idbe2urRnxZAUdeQ8YBhHaGaWK/4WM3mz+RlbZsgqck17CA=="
    }
  }
}
